
Microsoft Visual Studio Solution File, Format Version 12.00
# Visual Studio 15
VisualStudioVersion = 15.0.26124.0
MinimumVisualStudioVersion = 15.0.26124.0
Project("{2150E333-8FDC-42A3-9474-1A3956D46DE8}") = "src", "src", "{5CC2720C-5E52-46FA-A26C-3B5240F52709}"
EndProject
Project("{FAE04EC0-301F-11D3-BF4B-00C04F79EFBC}") = "AetherCurrents", "src\AetherCurrents\AetherCurrents.csproj", "{C6EE8F08-FF38-4F2D-AF46-9D05279CA5BE}"
EndProject
Project("{FAE04EC0-301F-11D3-BF4B-00C04F79EFBC}") = "AetherCurrents.Database", "src\AetherCurrents.Database\AetherCurrents.Database.csproj", "{4C8C0354-EE94-4C13-87AA-EDBD86157103}"
EndProject
Project("{FAE04EC0-301F-11D3-BF4B-00C04F79EFBC}") = "WolvesDen", "src\WolvesDen\WolvesDen.csproj", "{CF43F9C6-E39F-46F5-A863-E70C68B9F566}"
EndProject
Project("{FAE04EC0-301F-11D3-BF4B-00C04F79EFBC}") = "WondrousTails", "src\WondrousTails\WondrousTails.csproj", "{C980BFFD-C054-4BBE-BBF1-D3AC29AF63FC}"
EndProject
Project("{2150E333-8FDC-42A3-9474-1A3956D46DE8}") = "tests", "tests", "{EE28AD1C-1D12-4D54-BE36-34664C7B3324}"
EndProject
Project("{FAE04EC0-301F-11D3-BF4B-00C04F79EFBC}") = "WolvesDen.Tests", "tests\WolvesDen.Tests\WolvesDen.Tests.csproj", "{B09F82F9-D25B-42C8-9BA8-91A770A9A3B8}"
EndProject
Project("{FAE04EC0-301F-11D3-BF4B-00C04F79EFBC}") = "AetherCurrents.Tests", "tests\AetherCurrents.Tests\AetherCurrents.Tests.csproj", "{A955E742-E276-4369-903A-50EAE2CBF48B}"
EndProject
Global
	GlobalSection(SolutionConfigurationPlatforms) = preSolution
		Debug|Any CPU = Debug|Any CPU
		Debug|x64 = Debug|x64
		Debug|x86 = Debug|x86
		Release|Any CPU = Release|Any CPU
		Release|x64 = Release|x64
		Release|x86 = Release|x86
	EndGlobalSection
	GlobalSection(SolutionProperties) = preSolution
		HideSolutionNode = FALSE
	EndGlobalSection
	GlobalSection(ProjectConfigurationPlatforms) = postSolution
		{C6EE8F08-FF38-4F2D-AF46-9D05279CA5BE}.Debug|Any CPU.ActiveCfg = Debug|Any CPU
		{C6EE8F08-FF38-4F2D-AF46-9D05279CA5BE}.Debug|Any CPU.Build.0 = Debug|Any CPU
		{C6EE8F08-FF38-4F2D-AF46-9D05279CA5BE}.Debug|x64.ActiveCfg = Debug|Any CPU
		{C6EE8F08-FF38-4F2D-AF46-9D05279CA5BE}.Debug|x64.Build.0 = Debug|Any CPU
		{C6EE8F08-FF38-4F2D-AF46-9D05279CA5BE}.Debug|x86.ActiveCfg = Debug|Any CPU
		{C6EE8F08-FF38-4F2D-AF46-9D05279CA5BE}.Debug|x86.Build.0 = Debug|Any CPU
		{C6EE8F08-FF38-4F2D-AF46-9D05279CA5BE}.Release|Any CPU.ActiveCfg = Release|Any CPU
		{C6EE8F08-FF38-4F2D-AF46-9D05279CA5BE}.Release|Any CPU.Build.0 = Release|Any CPU
		{C6EE8F08-FF38-4F2D-AF46-9D05279CA5BE}.Release|x64.ActiveCfg = Release|Any CPU
		{C6EE8F08-FF38-4F2D-AF46-9D05279CA5BE}.Release|x64.Build.0 = Release|Any CPU
		{C6EE8F08-FF38-4F2D-AF46-9D05279CA5BE}.Release|x86.ActiveCfg = Release|Any CPU
		{C6EE8F08-FF38-4F2D-AF46-9D05279CA5BE}.Release|x86.Build.0 = Release|Any CPU
		{4C8C0354-EE94-4C13-87AA-EDBD86157103}.Debug|Any CPU.ActiveCfg = Debug|Any CPU
		{4C8C0354-EE94-4C13-87AA-EDBD86157103}.Debug|Any CPU.Build.0 = Debug|Any CPU
		{4C8C0354-EE94-4C13-87AA-EDBD86157103}.Debug|x64.ActiveCfg = Debug|Any CPU
		{4C8C0354-EE94-4C13-87AA-EDBD86157103}.Debug|x64.Build.0 = Debug|Any CPU
		{4C8C0354-EE94-4C13-87AA-EDBD86157103}.Debug|x86.ActiveCfg = Debug|Any CPU
		{4C8C0354-EE94-4C13-87AA-EDBD86157103}.Debug|x86.Build.0 = Debug|Any CPU
		{4C8C0354-EE94-4C13-87AA-EDBD86157103}.Release|Any CPU.ActiveCfg = Release|Any CPU
		{4C8C0354-EE94-4C13-87AA-EDBD86157103}.Release|Any CPU.Build.0 = Release|Any CPU
		{4C8C0354-EE94-4C13-87AA-EDBD86157103}.Release|x64.ActiveCfg = Release|Any CPU
		{4C8C0354-EE94-4C13-87AA-EDBD86157103}.Release|x64.Build.0 = Release|Any CPU
		{4C8C0354-EE94-4C13-87AA-EDBD86157103}.Release|x86.ActiveCfg = Release|Any CPU
		{4C8C0354-EE94-4C13-87AA-EDBD86157103}.Release|x86.Build.0 = Release|Any CPU
		{CF43F9C6-E39F-46F5-A863-E70C68B9F566}.Debug|Any CPU.ActiveCfg = Debug|Any CPU
		{CF43F9C6-E39F-46F5-A863-E70C68B9F566}.Debug|Any CPU.Build.0 = Debug|Any CPU
		{CF43F9C6-E39F-46F5-A863-E70C68B9F566}.Debug|x64.ActiveCfg = Debug|Any CPU
		{CF43F9C6-E39F-46F5-A863-E70C68B9F566}.Debug|x64.Build.0 = Debug|Any CPU
		{CF43F9C6-E39F-46F5-A863-E70C68B9F566}.Debug|x86.ActiveCfg = Debug|Any CPU
		{CF43F9C6-E39F-46F5-A863-E70C68B9F566}.Debug|x86.Build.0 = Debug|Any CPU
		{CF43F9C6-E39F-46F5-A863-E70C68B9F566}.Release|Any CPU.ActiveCfg = Release|Any CPU
		{CF43F9C6-E39F-46F5-A863-E70C68B9F566}.Release|Any CPU.Build.0 = Release|Any CPU
		{CF43F9C6-E39F-46F5-A863-E70C68B9F566}.Release|x64.ActiveCfg = Release|Any CPU
		{CF43F9C6-E39F-46F5-A863-E70C68B9F566}.Release|x64.Build.0 = Release|Any CPU
		{CF43F9C6-E39F-46F5-A863-E70C68B9F566}.Release|x86.ActiveCfg = Release|Any CPU
		{CF43F9C6-E39F-46F5-A863-E70C68B9F566}.Release|x86.Build.0 = Release|Any CPU
		{C980BFFD-C054-4BBE-BBF1-D3AC29AF63FC}.Debug|Any CPU.ActiveCfg = Debug|Any CPU
		{C980BFFD-C054-4BBE-BBF1-D3AC29AF63FC}.Debug|Any CPU.Build.0 = Debug|Any CPU
		{C980BFFD-C054-4BBE-BBF1-D3AC29AF63FC}.Debug|x64.ActiveCfg = Debug|Any CPU
		{C980BFFD-C054-4BBE-BBF1-D3AC29AF63FC}.Debug|x64.Build.0 = Debug|Any CPU
		{C980BFFD-C054-4BBE-BBF1-D3AC29AF63FC}.Debug|x86.ActiveCfg = Debug|Any CPU
		{C980BFFD-C054-4BBE-BBF1-D3AC29AF63FC}.Debug|x86.Build.0 = Debug|Any CPU
		{C980BFFD-C054-4BBE-BBF1-D3AC29AF63FC}.Release|Any CPU.ActiveCfg = Release|Any CPU
		{C980BFFD-C054-4BBE-BBF1-D3AC29AF63FC}.Release|Any CPU.Build.0 = Release|Any CPU
		{C980BFFD-C054-4BBE-BBF1-D3AC29AF63FC}.Release|x64.ActiveCfg = Release|Any CPU
		{C980BFFD-C054-4BBE-BBF1-D3AC29AF63FC}.Release|x64.Build.0 = Release|Any CPU
		{C980BFFD-C054-4BBE-BBF1-D3AC29AF63FC}.Release|x86.ActiveCfg = Release|Any CPU
		{C980BFFD-C054-4BBE-BBF1-D3AC29AF63FC}.Release|x86.Build.0 = Release|Any CPU
		{B09F82F9-D25B-42C8-9BA8-91A770A9A3B8}.Debug|Any CPU.ActiveCfg = Debug|Any CPU
		{B09F82F9-D25B-42C8-9BA8-91A770A9A3B8}.Debug|Any CPU.Build.0 = Debug|Any CPU
		{B09F82F9-D25B-42C8-9BA8-91A770A9A3B8}.Debug|x64.ActiveCfg = Debug|Any CPU
		{B09F82F9-D25B-42C8-9BA8-91A770A9A3B8}.Debug|x64.Build.0 = Debug|Any CPU
		{B09F82F9-D25B-42C8-9BA8-91A770A9A3B8}.Debug|x86.ActiveCfg = Debug|Any CPU
		{B09F82F9-D25B-42C8-9BA8-91A770A9A3B8}.Debug|x86.Build.0 = Debug|Any CPU
		{B09F82F9-D25B-42C8-9BA8-91A770A9A3B8}.Release|Any CPU.ActiveCfg = Release|Any CPU
		{B09F82F9-D25B-42C8-9BA8-91A770A9A3B8}.Release|Any CPU.Build.0 = Release|Any CPU
		{B09F82F9-D25B-42C8-9BA8-91A770A9A3B8}.Release|x64.ActiveCfg = Release|Any CPU
		{B09F82F9-D25B-42C8-9BA8-91A770A9A3B8}.Release|x64.Build.0 = Release|Any CPU
		{B09F82F9-D25B-42C8-9BA8-91A770A9A3B8}.Release|x86.ActiveCfg = Release|Any CPU
		{B09F82F9-D25B-42C8-9BA8-91A770A9A3B8}.Release|x86.Build.0 = Release|Any CPU
		{A955E742-E276-4369-903A-50EAE2CBF48B}.Debug|Any CPU.ActiveCfg = Debug|Any CPU
		{A955E742-E276-4369-903A-50EAE2CBF48B}.Debug|Any CPU.Build.0 = Debug|Any CPU
		{A955E742-E276-4369-903A-50EAE2CBF48B}.Debug|x64.ActiveCfg = Debug|Any CPU
		{A955E742-E276-4369-903A-50EAE2CBF48B}.Debug|x64.Build.0 = Debug|Any CPU
		{A955E742-E276-4369-903A-50EAE2CBF48B}.Debug|x86.ActiveCfg = Debug|Any CPU
		{A955E742-E276-4369-903A-50EAE2CBF48B}.Debug|x86.Build.0 = Debug|Any CPU
		{A955E742-E276-4369-903A-50EAE2CBF48B}.Release|Any CPU.ActiveCfg = Release|Any CPU
		{A955E742-E276-4369-903A-50EAE2CBF48B}.Release|Any CPU.Build.0 = Release|Any CPU
		{A955E742-E276-4369-903A-50EAE2CBF48B}.Release|x64.ActiveCfg = Release|Any CPU
		{A955E742-E276-4369-903A-50EAE2CBF48B}.Release|x64.Build.0 = Release|Any CPU
		{A955E742-E276-4369-903A-50EAE2CBF48B}.Release|x86.ActiveCfg = Release|Any CPU
		{A955E742-E276-4369-903A-50EAE2CBF48B}.Release|x86.Build.0 = Release|Any CPU
	EndGlobalSection
	GlobalSection(NestedProjects) = preSolution
		{C6EE8F08-FF38-4F2D-AF46-9D05279CA5BE} = {5CC2720C-5E52-46FA-A26C-3B5240F52709}
		{4C8C0354-EE94-4C13-87AA-EDBD86157103} = {5CC2720C-5E52-46FA-A26C-3B5240F52709}
		{CF43F9C6-E39F-46F5-A863-E70C68B9F566} = {5CC2720C-5E52-46FA-A26C-3B5240F52709}
		{C980BFFD-C054-4BBE-BBF1-D3AC29AF63FC} = {5CC2720C-5E52-46FA-A26C-3B5240F52709}
		{B09F82F9-D25B-42C8-9BA8-91A770A9A3B8} = {EE28AD1C-1D12-4D54-BE36-34664C7B3324}
		{A955E742-E276-4369-903A-50EAE2CBF48B} = {EE28AD1C-1D12-4D54-BE36-34664C7B3324}
	EndGlobalSection
EndGlobal
